
Microsoft Visual Studio Solution File, Format Version 12.00
# Visual Studio Version 16
VisualStudioVersion = 16.0.31911.196
MinimumVisualStudioVersion = 10.0.40219.1
Project("{FAE04EC0-301F-11D3-BF4B-00C04F79EFBC}") = "HomeworkProject", "HomeworkProject\HomeworkProject.csproj", "{DBA01DF6-9291-4C42-A1F2-B510EA55204D}"
EndProject
Global
	GlobalSection(SolutionConfigurationPlatforms) = preSolution
		Debug|Any CPU = Debug|Any CPU
		Release|Any CPU = Release|Any CPU
	EndGlobalSection
	GlobalSection(ProjectConfigurationPlatforms) = postSolution
		{DBA01DF6-9291-4C42-A1F2-B510EA55204D}.Debug|Any CPU.ActiveCfg = Debug|Any CPU
		{DBA01DF6-9291-4C42-A1F2-B510EA55204D}.Debug|Any CPU.Build.0 = Debug|Any CPU
		{DBA01DF6-9291-4C42-A1F2-B510EA55204D}.Release|Any CPU.ActiveCfg = Release|Any CPU
		{DBA01DF6-9291-4C42-A1F2-B510EA55204D}.Release|Any CPU.Build.0 = Release|Any CPU
	EndGlobalSection
	GlobalSection(SolutionProperties) = preSolution
		HideSolutionNode = FALSE
	EndGlobalSection
	GlobalSection(ExtensibilityGlobals) = postSolution
		SolutionGuid = {423FC966-2FF1-4E81-B47F-6535CD149635}
	EndGlobalSection
EndGlobal
